
Microsoft Visual Studio Solution File, Format Version 12.00
# Visual Studio Version 17
VisualStudioVersion = 17.1.32210.238
MinimumVisualStudioVersion = 10.0.40219.1
Project("{FAE04EC0-301F-11D3-BF4B-00C04F79EFBC}") = "Лаб1.В-7", "Лаб1.В-7.csproj", "{0977A8AF-8D44-4689-A200-BF6326393BA4}"
EndProject
Global
	GlobalSection(SolutionConfigurationPlatforms) = preSolution
		Debug|Any CPU = Debug|Any CPU
		Release|Any CPU = Release|Any CPU
	EndGlobalSection
	GlobalSection(ProjectConfigurationPlatforms) = postSolution
		{0977A8AF-8D44-4689-A200-BF6326393BA4}.Debug|Any CPU.ActiveCfg = Debug|Any CPU
		{0977A8AF-8D44-4689-A200-BF6326393BA4}.Debug|Any CPU.Build.0 = Debug|Any CPU
		{0977A8AF-8D44-4689-A200-BF6326393BA4}.Release|Any CPU.ActiveCfg = Release|Any CPU
		{0977A8AF-8D44-4689-A200-BF6326393BA4}.Release|Any CPU.Build.0 = Release|Any CPU
	EndGlobalSection
	GlobalSection(SolutionProperties) = preSolution
		HideSolutionNode = FALSE
	EndGlobalSection
	GlobalSection(ExtensibilityGlobals) = postSolution
		SolutionGuid = {9DB0F0E0-8BA5-4D39-AFFD-2E98AFA4A5AF}
	EndGlobalSection
EndGlobal
