
Microsoft Visual Studio Solution File, Format Version 12.00
# Visual Studio Version 17
VisualStudioVersion = 17.1.32210.238
MinimumVisualStudioVersion = 10.0.40219.1
Project("{FAE04EC0-301F-11D3-BF4B-00C04F79EFBC}") = "Dog", "Dog.csproj", "{1D3ED209-ACDD-48CF-8BD5-27F1CC0E6744}"
EndProject
Global
	GlobalSection(SolutionConfigurationPlatforms) = preSolution
		Debug|Any CPU = Debug|Any CPU
		Release|Any CPU = Release|Any CPU
	EndGlobalSection
	GlobalSection(ProjectConfigurationPlatforms) = postSolution
		{1D3ED209-ACDD-48CF-8BD5-27F1CC0E6744}.Debug|Any CPU.ActiveCfg = Debug|Any CPU
		{1D3ED209-ACDD-48CF-8BD5-27F1CC0E6744}.Debug|Any CPU.Build.0 = Debug|Any CPU
		{1D3ED209-ACDD-48CF-8BD5-27F1CC0E6744}.Release|Any CPU.ActiveCfg = Release|Any CPU
		{1D3ED209-ACDD-48CF-8BD5-27F1CC0E6744}.Release|Any CPU.Build.0 = Release|Any CPU
	EndGlobalSection
	GlobalSection(SolutionProperties) = preSolution
		HideSolutionNode = FALSE
	EndGlobalSection
	GlobalSection(ExtensibilityGlobals) = postSolution
		SolutionGuid = {8BD5CDD8-F261-46F6-80F8-565A953D216F}
	EndGlobalSection
EndGlobal
