
Microsoft Visual Studio Solution File, Format Version 12.00
# Visual Studio Version 17
VisualStudioVersion = 17.1.32210.238
MinimumVisualStudioVersion = 10.0.40219.1
Project("{FAE04EC0-301F-11D3-BF4B-00C04F79EFBC}") = "Лаб4", "Лаб4.csproj", "{B86EFAE4-70F0-4AAB-9630-A787A2FF97DF}"
EndProject
Global
	GlobalSection(SolutionConfigurationPlatforms) = preSolution
		Debug|Any CPU = Debug|Any CPU
		Release|Any CPU = Release|Any CPU
	EndGlobalSection
	GlobalSection(ProjectConfigurationPlatforms) = postSolution
		{B86EFAE4-70F0-4AAB-9630-A787A2FF97DF}.Debug|Any CPU.ActiveCfg = Debug|Any CPU
		{B86EFAE4-70F0-4AAB-9630-A787A2FF97DF}.Debug|Any CPU.Build.0 = Debug|Any CPU
		{B86EFAE4-70F0-4AAB-9630-A787A2FF97DF}.Release|Any CPU.ActiveCfg = Release|Any CPU
		{B86EFAE4-70F0-4AAB-9630-A787A2FF97DF}.Release|Any CPU.Build.0 = Release|Any CPU
	EndGlobalSection
	GlobalSection(SolutionProperties) = preSolution
		HideSolutionNode = FALSE
	EndGlobalSection
	GlobalSection(ExtensibilityGlobals) = postSolution
		SolutionGuid = {E884CDA5-9077-4257-8BDB-BCDEDA46D5CA}
	EndGlobalSection
EndGlobal
